[{<<"cowboy">>,{pkg,<<"cowboy">>,<<"1.0.2">>},0},
 {<<"cowlib">>,{pkg,<<"cowlib">>,<<"1.0.1">>},1},
 {<<"ranch">>,{pkg,<<"ranch">>,<<"1.1.0">>},1},
 {<<"mdns_client">>,{pkg,<<"mdns_client">>,<<"0.1.3">>},2},
 {<<"mdns_client_lib">>,{pkg,<<"mdns_client_lib">>,<<"0.1.25">>},1},
 {<<"pooler">>,{pkg,<<"pooler">>,<<"1.4.0">>},2},
 {<<"fqc">>,{pkg,<<"fqc">>,<<"0.1.5">>},3},
 {<<"libsnarlmatch">>,{pkg,<<"libsnarlmatch">>,<<"0.1.5">>},3},
 {<<"goldrush">>,{pkg,<<"goldrush">>,<<"0.1.6">>},4},
 {<<"jsxd">>,{pkg,<<"jsxd">>,<<"0.1.10">>},3},
 {<<"jsx">>,{pkg,<<"jsx">>,<<"1.4.5">>},3},
 {<<"lager">>,{pkg,<<"lager">>,<<"2.1.1">>},3},
 {<<"uuid">>,
  {git,"https://github.com/project-fifo/erlang-uuid.git",
       {ref,"02e7afa6a90c14da309175c57e9941c3ede6d8a2"}},
  3},
 {<<"riak_dt">>,
  {git,"https://github.com/basho/riak_dt.git",
       {ref,"f7981d4ad7407ddc085f133f204dd71bf9d50c56"}},
  3},
 {<<"fifo_dt">>,
  {git,"https://github.com/project-fifo/fifo_dt.git",
       {ref,"b2d056a49d651002fe36a1ff9750b609d5b0569e"}},
  2},
 {<<"fifo_spec">>,
  {git,"https://github.com/project-fifo/fifo_spec.git",
       {ref,"7e463ee3715a39908afe195bf1fb2747ebcfd8cd"}},
  1},
 {<<"eunit_formatters">>,
  {git,"git://github.com/seancribbs/eunit_formatters",
       {ref,"2c73eb6e46b0863f19507857b386a48a53aaf141"}},
  1},
 {<<"oauth2">>,
  {git,"https://github.com/project-fifo/oauth2.git",
       {ref,"7f88b8af3b09cad4eb83678cb2bdaed00fce6a76"}},
  0},
 {<<"merl">>,
  {git,"https://github.com/Licenser/merl.git",
       {ref,"1fcb4b03add12f57aa71a991f757bd9794892d7d"}},
  0},
 {<<"libsnarl">>,
  {git,"http://github.com/project-fifo/libsnarl.git",
       {ref,"229dab64c59a947323ec67957a5f657032969814"}},
  0},
 {<<"erlydtl">>,
  {git,"https://github.com/erlydtl/erlydtl.git",
       {ref,"f8602ca664115d4fe07bcd60a31ae212b07933d0"}},
  0}].
