[{<<"uuid">>,
  {git,"https://github.com/project-fifo/erlang-uuid.git",
       {ref,"02e7afa6a90c14da309175c57e9941c3ede6d8a2"}},
  3},
 {<<"riak_dt">>,
  {git,"https://github.com/basho/riak_dt.git",
       {ref,"f7981d4ad7407ddc085f133f204dd71bf9d50c56"}},
  3},
 {<<"pooler">>,
  {git,"https://github.com/seth/pooler.git",
       {ref,"fee0aa40a0b99fadacae349bb6a6924dc2d3fa4a"}},
  2},
 {<<"mdns_client">>,
  {git,"https://github.com/Licenser/erlang-mdns-client.git",
       {ref,"5dcffeb4283d990ae3db89e2717d2ed2000e7c02"}},
  2},
 {<<"fqc">>,
  {git,"https://github.com/project-fifo/fqc.git",
       {ref,"883013e96408f98b29d016fa094b8ac7410c364e"}},
  2},
 {<<"fifo_dt">>,
  {git,"https://github.com/project-fifo/fifo_dt.git",
       {ref,"b2d056a49d651002fe36a1ff9750b609d5b0569e"}},
  2},
 {<<"ranch">>,
  {git,"git://github.com/ninenines/ranch.git",
       {ref,"adf1822defc2b7cfdc7aca112adabfa1d614043c"}},
  1},
 {<<"mdns_client_lib">>,
  {git,"https://github.com/Licenser/mdns_client_lib.git",
       {ref,"3ce1dda59846677703e890793af9ae8929dfbf12"}},
  1},
 {<<"libsnarlmatch">>,
  {git,"https://github.com/project-fifo/libsnarlmatch.git",
       {ref,"ef9a023bc2873080b68d3f4225059f816a85babd"}},
  1},
 {<<"goldrush">>,
  {git,"git://github.com/DeadZen/goldrush.git",
       {ref,"71e63212f12c25827e0c1b4198d37d5d018a7fec"}},
  1},
 {<<"fifo_spec">>,
  {git,"https://github.com/project-fifo/fifo_spec.git",
       {ref,"7e463ee3715a39908afe195bf1fb2747ebcfd8cd"}},
  1},
 {<<"eunit_formatters">>,
  {git,"git://github.com/seancribbs/eunit_formatters",
       {ref,"2c73eb6e46b0863f19507857b386a48a53aaf141"}},
  1},
 {<<"cowlib">>,
  {git,"git://github.com/ninenines/cowlib.git",
       {ref,"d544a494af4dbc810fc9c15eaf5cc050cced1501"}},
  1},
 {<<"oauth2">>,
  {git,"https://github.com/project-fifo/oauth2.git",
       {ref,"7f88b8af3b09cad4eb83678cb2bdaed00fce6a76"}},
  0},
 {<<"merl">>,
  {git,"https://github.com/Licenser/merl.git",
       {ref,"1fcb4b03add12f57aa71a991f757bd9794892d7d"}},
  0},
 {<<"libsnarl">>,
  {git,"http://github.com/project-fifo/libsnarl.git",
       {ref,"7ce26d71f1835ff116f7052fb575f42b63c92f18"}},
  0},
 {<<"lager">>,
  {git,"https://github.com/basho/lager.git",
       {ref,"b6b6cebcb27ccff8acc59ae775acebc2f52e4926"}},
  0},
 {<<"jsxd">>,
  {git,"https://github.com/Licenser/jsxd.git",
       {ref,"ac60f034e313da8e6c533e247c90e6add16939fe"}},
  0},
 {<<"jsx">>,
  {git,"http://github.com/talentdeficit/jsx.git",
       {ref,"6b189d35d3ec22902f991c80155ede2c2ed6675d"}},
  0},
 {<<"erlydtl">>,
  {git,"https://github.com/erlydtl/erlydtl.git",
       {ref,"f8602ca664115d4fe07bcd60a31ae212b07933d0"}},
  0},
 {<<"cowboy">>,
  {git,"https://github.com/extend/cowboy.git",
       {ref,"3d9078018d7f0a83a359b70c698d35e35fbb94f9"}},
  0}].
